github.com/Artexxx/cmpt-graph-view v1.0.0 h1:VbhRXqIkPnwZghDM8Po0iafzf46/34adJAi8zbzZ0HE=
github.com/Artexxx/cmpt-graph-view v1.0.0/go.mod h1:sb1+tfuaxmuBZHCFgrPkaBF7oSNzfA3KNA+NesUclx0=
github.com/Artexxx/cmpt-post-preview v1.0.1 h1:iBTD3objF1lCHpIjeKebUgCpXLdnCZsaLjSVeE7yXrA=
github.com/Artexxx/cmpt-post-preview v1.0.1/go.mod h1:xkq0JeSg8Sx1XDVJv1NJh4t71rgmGfGWzk7Aybzw8zY=
github.com/Artexxx/shortcode-jupyter-notebook v1.0.0 h1:173JvlWqg7UQRZWPJQcvm0LK364GiMcpqB/3HQhDp44=
github.com/Artexxx/shortcode-jupyter-notebook v1.0.0/go.mod h1:amnux6tk5rLlqAgPSIvYfwcNkHVbUKWQaHxaCpQkw3M=
github.com/hugo-fixit/FixIt v0.4.1 h1:sy/mPHWvdVzls1vgJDLEsUuv2UxEAtwO9MU2TuJwGmg=
github.com/hugo-fixit/FixIt v0.4.1/go.mod h1:3XIRedrqakO7/a4ZnhE46haMRF8HgsT0N0B5j5D2iRU=
github.com/hugo-fixit/hugo-atom-feed v1.3.1 h1:zR27plOr4DJEwK8amHdzVthoQLTb6truUYWLDRVDRXY=
github.com/hugo-fixit/hugo-atom-feed v1.3.1/go.mod h1:VL3kInxTH5EL+XjEhpo0ZW44fDhq6TI0qlKTFihg5hk=
github.com/hugo-fixit/hugo-json-feed v1.3.1 h1:WUeynNiYZm4i8t7V2LS3fLv03T0u6sOdJOdHGg3500U=
github.com/hugo-fixit/hugo-json-feed v1.3.1/go.mod h1:ystvqmSnWdkU0aBybKKNztj8P1ViY6AhMaK/bsBL9uw=
github.com/hugo-fixit/shortcode-asciinema v1.1.0 h1:nli2H/BeufC/LgT+Md35NFLfSYoNGs0z0yhCkH5cbvU=
github.com/hugo-fixit/shortcode-asciinema v1.1.0/go.mod h1:xSMC2YHX8KCM8EPPmn7PA6Cwg6X9UGsV8gA7+1WBPTw=
github.com/hugo-fixit/shortcode-docs-bookmark v1.1.2 h1:2vOxNdSn2KBI6wJ9sNxm3VQolSYEwKxm2ZfW9xT5M0s=
github.com/hugo-fixit/shortcode-docs-bookmark v1.1.2/go.mod h1:suLPTLy/z2dvpHMEn9TFE+AxwyuTzmmD87vEiW078wI=
